
Microsoft Visual Studio Solution File, Format Version 12.00
# Visual Studio Version 17
VisualStudioVersion = 17.13.35825.156
MinimumVisualStudioVersion = 10.0.40219.1
Project("{FAE04EC0-301F-11D3-BF4B-00C04F79EFBC}") = "WebApi", "WebApi\WebApi.csproj", "{9445E754-1839-4B91-B6E2-677D925490C5}"
EndProject
Project("{FAE04EC0-301F-11D3-BF4B-00C04F79EFBC}") = "Tests", "Tests\Tests.csproj", "{46CF0582-F15A-4698-BAFD-B53DD9BFBED3}"
EndProject
Global
	GlobalSection(SolutionConfigurationPlatforms) = preSolution
		Debug|Any CPU = Debug|Any CPU
		Release|Any CPU = Release|Any CPU
	EndGlobalSection
	GlobalSection(ProjectConfigurationPlatforms) = postSolution
		{9445E754-1839-4B91-B6E2-677D925490C5}.Debug|Any CPU.ActiveCfg = Debug|Any CPU
		{9445E754-1839-4B91-B6E2-677D925490C5}.Debug|Any CPU.Build.0 = Debug|Any CPU
		{9445E754-1839-4B91-B6E2-677D925490C5}.Release|Any CPU.ActiveCfg = Release|Any CPU
		{9445E754-1839-4B91-B6E2-677D925490C5}.Release|Any CPU.Build.0 = Release|Any CPU
		{46CF0582-F15A-4698-BAFD-B53DD9BFBED3}.Debug|Any CPU.ActiveCfg = Debug|Any CPU
		{46CF0582-F15A-4698-BAFD-B53DD9BFBED3}.Debug|Any CPU.Build.0 = Debug|Any CPU
		{46CF0582-F15A-4698-BAFD-B53DD9BFBED3}.Release|Any CPU.ActiveCfg = Release|Any CPU
		{46CF0582-F15A-4698-BAFD-B53DD9BFBED3}.Release|Any CPU.Build.0 = Release|Any CPU
	EndGlobalSection
	GlobalSection(SolutionProperties) = preSolution
		HideSolutionNode = FALSE
	EndGlobalSection
	GlobalSection(ExtensibilityGlobals) = postSolution
		SolutionGuid = {8DF1E0CE-84A4-404E-9C86-D1C9E8D528E4}
	EndGlobalSection
EndGlobal
